
Microsoft Visual Studio Solution File, Format Version 12.00
# Visual Studio Version 16
VisualStudioVersion = 16.0.31313.79
MinimumVisualStudioVersion = 10.0.40219.1
Project("{FAE04EC0-301F-11D3-BF4B-00C04F79EFBC}") = "Udemy_CurrencyAssignment", "Udemy_CurrencyAssignment.csproj", "{B1579F35-45C5-4D92-8195-786C6B13F743}"
EndProject
Global
	GlobalSection(SolutionConfigurationPlatforms) = preSolution
		Debug|Any CPU = Debug|Any CPU
		Release|Any CPU = Release|Any CPU
	EndGlobalSection
	GlobalSection(ProjectConfigurationPlatforms) = postSolution
		{B1579F35-45C5-4D92-8195-786C6B13F743}.Debug|Any CPU.ActiveCfg = Debug|Any CPU
		{B1579F35-45C5-4D92-8195-786C6B13F743}.Debug|Any CPU.Build.0 = Debug|Any CPU
		{B1579F35-45C5-4D92-8195-786C6B13F743}.Release|Any CPU.ActiveCfg = Release|Any CPU
		{B1579F35-45C5-4D92-8195-786C6B13F743}.Release|Any CPU.Build.0 = Release|Any CPU
	EndGlobalSection
	GlobalSection(SolutionProperties) = preSolution
		HideSolutionNode = FALSE
	EndGlobalSection
	GlobalSection(ExtensibilityGlobals) = postSolution
		SolutionGuid = {896BAB7A-E518-4A8C-B3F0-8A25EE4B597E}
	EndGlobalSection
EndGlobal
